
Microsoft Visual Studio Solution File, Format Version 12.00
# Visual Studio Version 17
VisualStudioVersion = 17.5.33516.290
MinimumVisualStudioVersion = 10.0.40219.1
Project("{FAE04EC0-301F-11D3-BF4B-00C04F79EFBC}") = "Juego", "Juego\Juego.csproj", "{6BCD2252-2200-4F5C-9BAB-F5968B5D5286}"
EndProject
Global
	GlobalSection(SolutionConfigurationPlatforms) = preSolution
		Debug|Any CPU = Debug|Any CPU
		Release|Any CPU = Release|Any CPU
	EndGlobalSection
	GlobalSection(ProjectConfigurationPlatforms) = postSolution
		{6BCD2252-2200-4F5C-9BAB-F5968B5D5286}.Debug|Any CPU.ActiveCfg = Debug|Any CPU
		{6BCD2252-2200-4F5C-9BAB-F5968B5D5286}.Debug|Any CPU.Build.0 = Debug|Any CPU
		{6BCD2252-2200-4F5C-9BAB-F5968B5D5286}.Release|Any CPU.ActiveCfg = Release|Any CPU
		{6BCD2252-2200-4F5C-9BAB-F5968B5D5286}.Release|Any CPU.Build.0 = Release|Any CPU
	EndGlobalSection
	GlobalSection(SolutionProperties) = preSolution
		HideSolutionNode = FALSE
	EndGlobalSection
	GlobalSection(ExtensibilityGlobals) = postSolution
		SolutionGuid = {66C24BBB-E68C-47BA-8138-DE385C4DCB78}
	EndGlobalSection
EndGlobal
